
Microsoft Visual Studio Solution File, Format Version 12.00
# Visual Studio 2013
VisualStudioVersion = 12.0.30723.0
MinimumVisualStudioVersion = 10.0.40219.1
Project("{FAE04EC0-301F-11D3-BF4B-00C04F79EFBC}") = "LMS", "LMS\LMS.csproj", "{A3171B24-E4D1-4959-BED1-ED53E4AB2BAB}"
EndProject
Global
	GlobalSection(SolutionConfigurationPlatforms) = preSolution
		Debug|Any CPU = Debug|Any CPU
		Release|Any CPU = Release|Any CPU
	EndGlobalSection
	GlobalSection(ProjectConfigurationPlatforms) = postSolution
		{A3171B24-E4D1-4959-BED1-ED53E4AB2BAB}.Debug|Any CPU.ActiveCfg = Debug|Any CPU
		{A3171B24-E4D1-4959-BED1-ED53E4AB2BAB}.Debug|Any CPU.Build.0 = Debug|Any CPU
		{A3171B24-E4D1-4959-BED1-ED53E4AB2BAB}.Release|Any CPU.ActiveCfg = Release|Any CPU
		{A3171B24-E4D1-4959-BED1-ED53E4AB2BAB}.Release|Any CPU.Build.0 = Release|Any CPU
	EndGlobalSection
	GlobalSection(SolutionProperties) = preSolution
		HideSolutionNode = FALSE
	EndGlobalSection
EndGlobal
